
Microsoft Visual Studio Solution File, Format Version 12.00
# Visual Studio Version 16
VisualStudioVersion = 16.0.30621.155
MinimumVisualStudioVersion = 10.0.40219.1
Project("{FAE04EC0-301F-11D3-BF4B-00C04F79EFBC}") = "EmploidutempsWS", "EmploidutempsWS\EmploidutempsWS.csproj", "{7B253829-3740-4327-9C2E-67BA0F9779BC}"
EndProject
Global
	GlobalSection(SolutionConfigurationPlatforms) = preSolution
		Debug|Any CPU = Debug|Any CPU
		Release|Any CPU = Release|Any CPU
	EndGlobalSection
	GlobalSection(ProjectConfigurationPlatforms) = postSolution
		{7B253829-3740-4327-9C2E-67BA0F9779BC}.Debug|Any CPU.ActiveCfg = Debug|Any CPU
		{7B253829-3740-4327-9C2E-67BA0F9779BC}.Debug|Any CPU.Build.0 = Debug|Any CPU
		{7B253829-3740-4327-9C2E-67BA0F9779BC}.Release|Any CPU.ActiveCfg = Release|Any CPU
		{7B253829-3740-4327-9C2E-67BA0F9779BC}.Release|Any CPU.Build.0 = Release|Any CPU
	EndGlobalSection
	GlobalSection(SolutionProperties) = preSolution
		HideSolutionNode = FALSE
	EndGlobalSection
	GlobalSection(ExtensibilityGlobals) = postSolution
		SolutionGuid = {5D28C6B3-B412-472C-BEFF-678DF59387E9}
	EndGlobalSection
EndGlobal
